
Microsoft Visual Studio Solution File, Format Version 12.00
# Visual Studio 15
VisualStudioVersion = 15.0.28307.438
MinimumVisualStudioVersion = 10.0.40219.1
Project("{FAE04EC0-301F-11D3-BF4B-00C04F79EFBC}") = "SOFT549_ASD_MIS_API", "SOFT549_ASD_MIS_API\SOFT549_ASD_MIS_API.csproj", "{A59AEEA8-672B-4D93-93F4-CF6EB0AB288C}"
EndProject
Global
	GlobalSection(SolutionConfigurationPlatforms) = preSolution
		Debug|Any CPU = Debug|Any CPU
		Release|Any CPU = Release|Any CPU
	EndGlobalSection
	GlobalSection(ProjectConfigurationPlatforms) = postSolution
		{A59AEEA8-672B-4D93-93F4-CF6EB0AB288C}.Debug|Any CPU.ActiveCfg = Debug|Any CPU
		{A59AEEA8-672B-4D93-93F4-CF6EB0AB288C}.Debug|Any CPU.Build.0 = Debug|Any CPU
		{A59AEEA8-672B-4D93-93F4-CF6EB0AB288C}.Release|Any CPU.ActiveCfg = Release|Any CPU
		{A59AEEA8-672B-4D93-93F4-CF6EB0AB288C}.Release|Any CPU.Build.0 = Release|Any CPU
	EndGlobalSection
	GlobalSection(SolutionProperties) = preSolution
		HideSolutionNode = FALSE
	EndGlobalSection
	GlobalSection(ExtensibilityGlobals) = postSolution
		SolutionGuid = {1FC642BF-A09A-43C2-AA84-033060B1587A}
	EndGlobalSection
EndGlobal
