
Microsoft Visual Studio Solution File, Format Version 12.00
# Visual Studio 15
VisualStudioVersion = 15.0.28307.438
MinimumVisualStudioVersion = 10.0.40219.1
Project("{FAE04EC0-301F-11D3-BF4B-00C04F79EFBC}") = "Soft549_CW_API", "Soft549_CW_API\Soft549_CW_API.csproj", "{D5EB16A0-BD32-4EDF-894A-826F9A6F80DA}"
EndProject
Global
	GlobalSection(SolutionConfigurationPlatforms) = preSolution
		Debug|Any CPU = Debug|Any CPU
		Release|Any CPU = Release|Any CPU
	EndGlobalSection
	GlobalSection(ProjectConfigurationPlatforms) = postSolution
		{D5EB16A0-BD32-4EDF-894A-826F9A6F80DA}.Debug|Any CPU.ActiveCfg = Debug|Any CPU
		{D5EB16A0-BD32-4EDF-894A-826F9A6F80DA}.Debug|Any CPU.Build.0 = Debug|Any CPU
		{D5EB16A0-BD32-4EDF-894A-826F9A6F80DA}.Release|Any CPU.ActiveCfg = Release|Any CPU
		{D5EB16A0-BD32-4EDF-894A-826F9A6F80DA}.Release|Any CPU.Build.0 = Release|Any CPU
	EndGlobalSection
	GlobalSection(SolutionProperties) = preSolution
		HideSolutionNode = FALSE
	EndGlobalSection
	GlobalSection(ExtensibilityGlobals) = postSolution
		SolutionGuid = {E4452CA5-9972-4699-8477-BFB8FFBB2A42}
	EndGlobalSection
EndGlobal
