
Microsoft Visual Studio Solution File, Format Version 12.00
# Visual Studio 15
VisualStudioVersion = 15.0.28307.438
MinimumVisualStudioVersion = 10.0.40219.1
Project("{FAE04EC0-301F-11D3-BF4B-00C04F79EFBC}") = "SOFT549_ASD_MIS_DemoWebApp", "SOFT549_ASD_MIS_DemoWebApp\SOFT549_ASD_MIS_DemoWebApp.csproj", "{3631E02C-4879-4164-9E14-31A24911A4CE}"
EndProject
Global
	GlobalSection(SolutionConfigurationPlatforms) = preSolution
		Debug|Any CPU = Debug|Any CPU
		Release|Any CPU = Release|Any CPU
	EndGlobalSection
	GlobalSection(ProjectConfigurationPlatforms) = postSolution
		{3631E02C-4879-4164-9E14-31A24911A4CE}.Debug|Any CPU.ActiveCfg = Debug|Any CPU
		{3631E02C-4879-4164-9E14-31A24911A4CE}.Debug|Any CPU.Build.0 = Debug|Any CPU
		{3631E02C-4879-4164-9E14-31A24911A4CE}.Release|Any CPU.ActiveCfg = Release|Any CPU
		{3631E02C-4879-4164-9E14-31A24911A4CE}.Release|Any CPU.Build.0 = Release|Any CPU
	EndGlobalSection
	GlobalSection(SolutionProperties) = preSolution
		HideSolutionNode = FALSE
	EndGlobalSection
	GlobalSection(ExtensibilityGlobals) = postSolution
		SolutionGuid = {A3D4C1F8-50E9-429D-9CA6-68CE7034C7BD}
	EndGlobalSection
EndGlobal
